
Microsoft Visual Studio Solution File, Format Version 12.00
# Visual Studio Version 17
VisualStudioVersion = 17.2.32616.157
MinimumVisualStudioVersion = 10.0.40219.1
Project("{9A19103F-16F7-4668-BE54-9A1E7A4F7556}") = "PairDivisibleByK", "PairDivisibleByK.csproj", "{06AC1991-EA3D-429F-A0BF-BBFE252680F6}"
EndProject
Project("{FAE04EC0-301F-11D3-BF4B-00C04F79EFBC}") = "PairDividedByKTest", "..\PairDividedByKTest\PairDividedByKTest.csproj", "{CDEF9E15-6C4B-4FFC-B520-557009409AA6}"
EndProject
Global
	GlobalSection(SolutionConfigurationPlatforms) = preSolution
		Debug|Any CPU = Debug|Any CPU
		Release|Any CPU = Release|Any CPU
	EndGlobalSection
	GlobalSection(ProjectConfigurationPlatforms) = postSolution
		{06AC1991-EA3D-429F-A0BF-BBFE252680F6}.Debug|Any CPU.ActiveCfg = Debug|Any CPU
		{06AC1991-EA3D-429F-A0BF-BBFE252680F6}.Debug|Any CPU.Build.0 = Debug|Any CPU
		{06AC1991-EA3D-429F-A0BF-BBFE252680F6}.Release|Any CPU.ActiveCfg = Release|Any CPU
		{06AC1991-EA3D-429F-A0BF-BBFE252680F6}.Release|Any CPU.Build.0 = Release|Any CPU
		{CDEF9E15-6C4B-4FFC-B520-557009409AA6}.Debug|Any CPU.ActiveCfg = Debug|Any CPU
		{CDEF9E15-6C4B-4FFC-B520-557009409AA6}.Debug|Any CPU.Build.0 = Debug|Any CPU
		{CDEF9E15-6C4B-4FFC-B520-557009409AA6}.Release|Any CPU.ActiveCfg = Release|Any CPU
		{CDEF9E15-6C4B-4FFC-B520-557009409AA6}.Release|Any CPU.Build.0 = Release|Any CPU
	EndGlobalSection
	GlobalSection(SolutionProperties) = preSolution
		HideSolutionNode = FALSE
	EndGlobalSection
	GlobalSection(ExtensibilityGlobals) = postSolution
		SolutionGuid = {E617C984-F22B-4D10-81CC-107F7A2095AA}
	EndGlobalSection
EndGlobal
